
Microsoft Visual Studio Solution File, Format Version 12.00
# Visual Studio Version 17
VisualStudioVersion = 17.5.33516.290
MinimumVisualStudioVersion = 10.0.40219.1
Project("{9A19103F-16F7-4668-BE54-9A1E7A4F7556}") = "WiredBrainCoffee.DataProcessor", "WiredBrainCoffee.DataProcessor\WiredBrainCoffee.DataProcessor.csproj", "{6E7D212C-472B-4265-A6B0-BA67F48688FC}"
EndProject
Project("{9A19103F-16F7-4668-BE54-9A1E7A4F7556}") = "WiredBrainCoffee.DataProcessorTests", "WiredBrainCoffee.DataProcessorTests\WiredBrainCoffee.DataProcessorTests.csproj", "{13A65DF3-4005-49F9-B5F9-9D4E667C6552}"
EndProject
Global
	GlobalSection(SolutionConfigurationPlatforms) = preSolution
		Debug|Any CPU = Debug|Any CPU
		Release|Any CPU = Release|Any CPU
	EndGlobalSection
	GlobalSection(ProjectConfigurationPlatforms) = postSolution
		{6E7D212C-472B-4265-A6B0-BA67F48688FC}.Debug|Any CPU.ActiveCfg = Debug|Any CPU
		{6E7D212C-472B-4265-A6B0-BA67F48688FC}.Debug|Any CPU.Build.0 = Debug|Any CPU
		{6E7D212C-472B-4265-A6B0-BA67F48688FC}.Release|Any CPU.ActiveCfg = Release|Any CPU
		{6E7D212C-472B-4265-A6B0-BA67F48688FC}.Release|Any CPU.Build.0 = Release|Any CPU
		{13A65DF3-4005-49F9-B5F9-9D4E667C6552}.Debug|Any CPU.ActiveCfg = Debug|Any CPU
		{13A65DF3-4005-49F9-B5F9-9D4E667C6552}.Debug|Any CPU.Build.0 = Debug|Any CPU
		{13A65DF3-4005-49F9-B5F9-9D4E667C6552}.Release|Any CPU.ActiveCfg = Release|Any CPU
		{13A65DF3-4005-49F9-B5F9-9D4E667C6552}.Release|Any CPU.Build.0 = Release|Any CPU
	EndGlobalSection
	GlobalSection(SolutionProperties) = preSolution
		HideSolutionNode = FALSE
	EndGlobalSection
	GlobalSection(ExtensibilityGlobals) = postSolution
		SolutionGuid = {075757D0-846F-426F-8A96-359C5BBF7C5A}
	EndGlobalSection
EndGlobal
